{
    "_readme": [
        "This file locks the dependencies of your project to a known state",
        "Read more about it at https://getcomposer.org/doc/01-basic-usage.md#installing-dependencies",
        "This file is @generated automatically"
    ],
    "content-hash": "7b42c4088d15dff8d3bbc238950974d3",
    "packages": [
        {
            "name": "zls/action",
            "version": "v1.2.8",
            "source": {
                "type": "git",
                "url": "https://github.com/sohaha/ZlsPHP-Action.git",
                "reference": "c2da577e4feea487a4361c917d9fb07cd743912b"
            },
            "dist": {
                "type": "zip",
                "url": "https://api.github.com/repos/sohaha/ZlsPHP-Action/zipball/c2da577e4feea487a4361c917d9fb07cd743912b",
                "reference": "c2da577e4feea487a4361c917d9fb07cd743912b",
                "shasum": "",
                "mirrors": [
                    {
                        "url": "https://mirrors.aliyun.com/composer/dists/%package%/%reference%.%type%",
                        "preferred": true
                    }
                ]
            },
            "type": "library",
            "autoload": {
                "psr-4": {
                    "Zls\\Action\\": "src/"
                }
            },
            "notification-url": "https://packagist.org/downloads/",
            "license": [
                "MIT"
            ],
            "authors": [
                {
                    "name": "影浅",
                    "email": "seekwe@gmail.com"
                }
            ],
            "time": "2019-12-23T06:10:19+00:00"
        },
        {
            "name": "zls/cache",
            "version": "1.1.1",
            "source": {
                "type": "git",
                "url": "https://github.com/sohaha/ZlsPHP-Cache.git",
                "reference": "ca2b700c1921005f2b8a960c7aa4c8adcecd983f"
            },
            "dist": {
                "type": "zip",
                "url": "https://api.github.com/repos/sohaha/ZlsPHP-Cache/zipball/ca2b700c1921005f2b8a960c7aa4c8adcecd983f",
                "reference": "ca2b700c1921005f2b8a960c7aa4c8adcecd983f",
                "shasum": "",
                "mirrors": [
                    {
                        "url": "https://mirrors.aliyun.com/composer/dists/%package%/%reference%.%type%",
                        "preferred": true
                    }
                ]
            },
            "type": "library",
            "autoload": {
                "psr-4": {
                    "Zls\\Cache\\": "src/"
                }
            },
            "notification-url": "https://packagist.org/downloads/",
            "license": [
                "MIT"
            ],
            "authors": [
                {
                    "name": "影浅",
                    "email": "seekwe@gmail.com"
                }
            ],
            "time": "2018-09-27T11:26:45+00:00"
        },
        {
            "name": "zls/command",
            "version": "v1.2.5",
            "source": {
                "type": "git",
                "url": "https://github.com/sohaha/ZlsPHP-Command.git",
                "reference": "297f3f5bd657496a9ec91b7b84e01d3f212a67fd"
            },
            "dist": {
                "type": "zip",
                "url": "https://api.github.com/repos/sohaha/ZlsPHP-Command/zipball/297f3f5bd657496a9ec91b7b84e01d3f212a67fd",
                "reference": "297f3f5bd657496a9ec91b7b84e01d3f212a67fd",
                "shasum": "",
                "mirrors": [
                    {
                        "url": "https://mirrors.aliyun.com/composer/dists/%package%/%reference%.%type%",
                        "preferred": true
                    }
                ]
            },
            "require": {
                "zls/dao": "*"
            },
            "type": "library",
            "autoload": {
                "psr-4": {
                    "Zls\\Command\\": "src/"
                }
            },
            "notification-url": "https://packagist.org/downloads/",
            "license": [
                "MIT"
            ],
            "authors": [
                {
                    "name": "影浅",
                    "email": "seekwe@gmail.com"
                }
            ],
            "time": "2019-12-20T11:42:26+00:00"
        },
        {
            "name": "zls/dao",
            "version": "v1.1.11",
            "source": {
                "type": "git",
                "url": "https://github.com/sohaha/ZlsPHP-Dao.git",
                "reference": "1456da6dae092ca5415615d906d43803b97af263"
            },
            "dist": {
                "type": "zip",
                "url": "https://api.github.com/repos/sohaha/ZlsPHP-Dao/zipball/1456da6dae092ca5415615d906d43803b97af263",
                "reference": "1456da6dae092ca5415615d906d43803b97af263",
                "shasum": "",
                "mirrors": [
                    {
                        "url": "https://mirrors.aliyun.com/composer/dists/%package%/%reference%.%type%",
                        "preferred": true
                    }
                ]
            },
            "type": "library",
            "autoload": {
                "files": [
                    "ZlsDao.php"
                ],
                "psr-4": {
                    "Zls\\Dao\\": "src/"
                }
            },
            "notification-url": "https://packagist.org/downloads/",
            "license": [
                "MIT"
            ],
            "authors": [
                {
                    "name": "影浅",
                    "email": "seekwe@gmail.com"
                }
            ],
            "time": "2020-05-07T09:21:23+00:00"
        },
        {
            "name": "zls/framework",
            "version": "v2.5.2",
            "source": {
                "type": "git",
                "url": "https://github.com/sohaha/ZlsPHP-Framework.git",
                "reference": "857b488e27c37aacfdc0a096afdd028145bc28e6"
            },
            "dist": {
                "type": "zip",
                "url": "https://api.github.com/repos/sohaha/ZlsPHP-Framework/zipball/857b488e27c37aacfdc0a096afdd028145bc28e6",
                "reference": "857b488e27c37aacfdc0a096afdd028145bc28e6",
                "shasum": "",
                "mirrors": [
                    {
                        "url": "https://mirrors.aliyun.com/composer/dists/%package%/%reference%.%type%",
                        "preferred": true
                    }
                ]
            },
            "require": {
                "ext-json": "*",
                "ext-pdo": "*"
            },
            "type": "library",
            "autoload": {
                "files": [
                    "Zls.php"
                ]
            },
            "notification-url": "https://packagist.org/downloads/",
            "license": [
                "MIT"
            ],
            "authors": [
                {
                    "name": "影浅",
                    "email": "seekwe@gmail.com"
                }
            ],
            "time": "2020-07-26T11:15:36+00:00"
        },
        {
            "name": "zls/logger",
            "version": "v1.1.7",
            "source": {
                "type": "git",
                "url": "https://github.com/sohaha/ZlsPHP-Logger.git",
                "reference": "e5c2ee2146977256756aeeb5371231ce034ca401"
            },
            "dist": {
                "type": "zip",
                "url": "https://api.github.com/repos/sohaha/ZlsPHP-Logger/zipball/e5c2ee2146977256756aeeb5371231ce034ca401",
                "reference": "e5c2ee2146977256756aeeb5371231ce034ca401",
                "shasum": "",
                "mirrors": [
                    {
                        "url": "https://mirrors.aliyun.com/composer/dists/%package%/%reference%.%type%",
                        "preferred": true
                    }
                ]
            },
            "type": "library",
            "autoload": {
                "psr-4": {
                    "Zls\\Logger\\": "src/"
                }
            },
            "notification-url": "https://packagist.org/downloads/",
            "license": [
                "MIT"
            ],
            "authors": [
                {
                    "name": "影浅",
                    "email": "seekwe@gmail.com"
                }
            ],
            "time": "2019-12-26T09:12:34+00:00"
        },
        {
            "name": "zls/manage",
            "version": "v0.0.53",
            "source": {
                "type": "git",
                "url": "https://github.com/sohaha/ZlsPHP-Manage.git",
                "reference": "61ea340f2a79c0541fcb5265d1dbea5d1c45e8f3"
            },
            "dist": {
                "type": "zip",
                "url": "https://api.github.com/repos/sohaha/ZlsPHP-Manage/zipball/61ea340f2a79c0541fcb5265d1dbea5d1c45e8f3",
                "reference": "61ea340f2a79c0541fcb5265d1dbea5d1c45e8f3",
                "shasum": "",
                "mirrors": [
                    {
                        "url": "https://mirrors.aliyun.com/composer/dists/%package%/%reference%.%type%",
                        "preferred": true
                    }
                ]
            },
            "require": {
                "zls/migration": "*"
            },
            "type": "library",
            "autoload": {
                "psr-4": {
                    "Zls\\Manage\\": "src/"
                }
            },
            "notification-url": "https://packagist.org/downloads/",
            "license": [
                "MIT"
            ],
            "authors": [
                {
                    "name": "影浅",
                    "email": "seekwe@gmail.com"
                }
            ],
            "description": "ZlsPHP通用后台",
            "time": "2019-12-12T10:11:37+00:00"
        },
        {
            "name": "zls/migration",
            "version": "v1.1.6.2",
            "source": {
                "type": "git",
                "url": "https://github.com/sohaha/ZlsPHP-Migration.git",
                "reference": "eff35a82bed7698bb0c50bc24d352bd029ba8421"
            },
            "dist": {
                "type": "zip",
                "url": "https://api.github.com/repos/sohaha/ZlsPHP-Migration/zipball/eff35a82bed7698bb0c50bc24d352bd029ba8421",
                "reference": "eff35a82bed7698bb0c50bc24d352bd029ba8421",
                "shasum": "",
                "mirrors": [
                    {
                        "url": "https://mirrors.aliyun.com/composer/dists/%package%/%reference%.%type%",
                        "preferred": true
                    }
                ]
            },
            "require": {
                "php": ">=5.6.0"
            },
            "type": "library",
            "autoload": {
                "psr-4": {
                    "Zls\\Migration\\": "src/",
                    "Phinx\\": "phinx/Phinx/"
                }
            },
            "notification-url": "https://packagist.org/downloads/",
            "license": [
                "MIT"
            ],
            "authors": [
                {
                    "name": "影浅",
                    "email": "seekwe@gmail.com"
                }
            ],
            "description": "Easy to manage the database migrations",
            "time": "2019-09-27T10:16:03+00:00"
        },
        {
            "name": "zls/session",
            "version": "1.0.7",
            "source": {
                "type": "git",
                "url": "https://github.com/sohaha/ZlsPHP-Session.git",
                "reference": "220ae9fb847552014111c975bc02e5cca9490633"
            },
            "dist": {
                "type": "zip",
                "url": "https://api.github.com/repos/sohaha/ZlsPHP-Session/zipball/220ae9fb847552014111c975bc02e5cca9490633",
                "reference": "220ae9fb847552014111c975bc02e5cca9490633",
                "shasum": "",
                "mirrors": [
                    {
                        "url": "https://mirrors.aliyun.com/composer/dists/%package%/%reference%.%type%",
                        "preferred": true
                    }
                ]
            },
            "type": "library",
            "autoload": {
                "psr-4": {
                    "Zls\\Session\\": "src/"
                }
            },
            "notification-url": "https://packagist.org/downloads/",
            "license": [
                "MIT"
            ],
            "authors": [
                {
                    "name": "影浅",
                    "email": "seekwe@gmail.com"
                }
            ],
            "time": "2018-09-30T09:13:57+00:00"
        },
        {
            "name": "zls/wechat",
            "version": "v1.1.14",
            "source": {
                "type": "git",
                "url": "https://github.com/sohaha/zls-wechat.git",
                "reference": "33d5f82f8d96a8dada9090156953744258566526"
            },
            "dist": {
                "type": "zip",
                "url": "https://api.github.com/repos/sohaha/zls-wechat/zipball/33d5f82f8d96a8dada9090156953744258566526",
                "reference": "33d5f82f8d96a8dada9090156953744258566526",
                "shasum": "",
                "mirrors": [
                    {
                        "url": "https://mirrors.aliyun.com/composer/dists/%package%/%reference%.%type%",
                        "preferred": true
                    }
                ]
            },
            "require": {
                "zls/action": "*",
                "zls/command": "*"
            },
            "type": "library",
            "autoload": {
                "psr-4": {
                    "Zls\\WeChat\\": "src/"
                }
            },
            "notification-url": "https://packagist.org/downloads/",
            "license": [
                "MIT"
            ],
            "authors": [
                {
                    "name": "影浅",
                    "email": "seekwe@gmail.com"
                }
            ],
            "description": "wechat develop, Support WeChat, Work WeChat, WeChat open platform",
            "time": "2020-01-13T11:15:49+00:00"
        }
    ],
    "packages-dev": [],
    "aliases": [],
    "minimum-stability": "dev",
    "stability-flags": [],
    "prefer-stable": true,
    "prefer-lowest": false,
    "platform": [],
    "platform-dev": []
}
